
Microsoft Visual Studio Solution File, Format Version 12.00
# Visual Studio Version 17
VisualStudioVersion = 17.3.32811.315
MinimumVisualStudioVersion = 10.0.40219.1
Project("{2150E333-8FDC-42A3-9474-1A3956D46DE8}") = "src", "src", "{6796A84E-068A-4CA9-AEB7-CD2B936AF5B6}"
EndProject
Project("{2150E333-8FDC-42A3-9474-1A3956D46DE8}") = "Building Blocks", "Building Blocks", "{562A0DE3-B5C9-4660-8757-A920BC877434}"
EndProject
Project("{2150E333-8FDC-42A3-9474-1A3956D46DE8}") = "Services", "Services", "{C6A71E5D-8118-49C5-B6AF-ED27EEE27ECA}"
EndProject
Project("{2150E333-8FDC-42A3-9474-1A3956D46DE8}") = "Web", "Web", "{3771DE5A-356A-4965-8FEC-F78450324DEF}"
EndProject
Project("{2150E333-8FDC-42A3-9474-1A3956D46DE8}") = "Identity", "Identity", "{59700B1D-757E-431E-82A6-925C83C5623B}"
EndProject
Project("{9A19103F-16F7-4668-BE54-9A1E7A4F7556}") = "NSE.Identity.API", "src\services\NSE.Identity.API\NSE.Identity.API.csproj", "{E38F1787-46C7-4059-8CEA-599F404E9AD3}"
EndProject
Project("{2150E333-8FDC-42A3-9474-1A3956D46DE8}") = "MVC", "MVC", "{D1149CB5-AFB6-4208-900B-6EFC9F604C19}"
EndProject
Project("{9A19103F-16F7-4668-BE54-9A1E7A4F7556}") = "NSE.WebApp.MVC", "src\web\NSE.WebApp.MVC\NSE.WebApp.MVC.csproj", "{D4CD582D-B806-4BAC-A4F3-0398EEFFC0C8}"
EndProject
Project("{2150E333-8FDC-42A3-9474-1A3956D46DE8}") = "Core", "Core", "{5CDF6FE1-D0CF-4AD0-81E8-EB1CF4D8AB88}"
EndProject
Project("{9A19103F-16F7-4668-BE54-9A1E7A4F7556}") = "NSE.Core", "src\building.blocks\NSE.Core\NSE.Core.csproj", "{CCD33335-200D-4504-9D91-2465E5197C12}"
EndProject
Project("{2150E333-8FDC-42A3-9474-1A3956D46DE8}") = "Cart", "Cart", "{7259909A-1193-4824-AE7C-49D4FDC44101}"
EndProject
Project("{2150E333-8FDC-42A3-9474-1A3956D46DE8}") = "Catalog", "Catalog", "{D9260387-5C06-49BD-AECD-7CCD242736A0}"
EndProject
Project("{2150E333-8FDC-42A3-9474-1A3956D46DE8}") = "Customer", "Customer", "{A7488EAC-6E11-4EFA-82AE-14EDAC55B606}"
EndProject
Project("{2150E333-8FDC-42A3-9474-1A3956D46DE8}") = "Payment", "Payment", "{1C29FF58-2523-47CC-86A6-4CA4FBA2C3A5}"
EndProject
Project("{2150E333-8FDC-42A3-9474-1A3956D46DE8}") = "Order", "Order", "{CB84EF16-83C0-4D9F-A62B-72B493A5C0E1}"
EndProject
Project("{9A19103F-16F7-4668-BE54-9A1E7A4F7556}") = "NSE.Cart.API", "src\services\NSE.Cart.API\NSE.Cart.API.csproj", "{0ED95A39-1E98-4652-895A-B6D214794F1D}"
EndProject
Project("{9A19103F-16F7-4668-BE54-9A1E7A4F7556}") = "NSE.Catalog.API", "src\services\NSE.Catalog.API\NSE.Catalog.API.csproj", "{A23022A4-6E9B-4DDE-BABE-B938C2B70B72}"
EndProject
Project("{9A19103F-16F7-4668-BE54-9A1E7A4F7556}") = "NSE.Customer.API", "src\services\NSE.Customer.API\NSE.Customer.API.csproj", "{843BEA9C-E514-4228-87E5-6EB69C2EF925}"
EndProject
Project("{9A19103F-16F7-4668-BE54-9A1E7A4F7556}") = "NSE.Order.API", "src\services\NSE.Order.API\NSE.Order.API.csproj", "{1A894EB7-5ED0-494A-8855-681AB5BAA1F2}"
EndProject
Project("{9A19103F-16F7-4668-BE54-9A1E7A4F7556}") = "NSE.Payment.API", "src\services\NSE.Payment.API\NSE.Payment.API.csproj", "{C8413B19-770D-4628-B643-8894AD20D68C}"
EndProject
Project("{2150E333-8FDC-42A3-9474-1A3956D46DE8}") = "Services", "Services", "{F988EF23-F7E9-4656-9E73-AAEDC1F5A86B}"
EndProject
Project("{FAE04EC0-301F-11D3-BF4B-00C04F79EFBC}") = "NSE.WebApi.Core", "src\building.blocks\NSE.WebApi.Core\NSE.WebApi.Core.csproj", "{35655866-085F-400F-8D75-C85A55D4B3FD}"
EndProject
Global
	GlobalSection(SolutionConfigurationPlatforms) = preSolution
		Debug|Any CPU = Debug|Any CPU
		Release|Any CPU = Release|Any CPU
	EndGlobalSection
	GlobalSection(ProjectConfigurationPlatforms) = postSolution
		{E38F1787-46C7-4059-8CEA-599F404E9AD3}.Debug|Any CPU.ActiveCfg = Debug|Any CPU
		{E38F1787-46C7-4059-8CEA-599F404E9AD3}.Debug|Any CPU.Build.0 = Debug|Any CPU
		{E38F1787-46C7-4059-8CEA-599F404E9AD3}.Release|Any CPU.ActiveCfg = Release|Any CPU
		{E38F1787-46C7-4059-8CEA-599F404E9AD3}.Release|Any CPU.Build.0 = Release|Any CPU
		{D4CD582D-B806-4BAC-A4F3-0398EEFFC0C8}.Debug|Any CPU.ActiveCfg = Debug|Any CPU
		{D4CD582D-B806-4BAC-A4F3-0398EEFFC0C8}.Debug|Any CPU.Build.0 = Debug|Any CPU
		{D4CD582D-B806-4BAC-A4F3-0398EEFFC0C8}.Release|Any CPU.ActiveCfg = Release|Any CPU
		{D4CD582D-B806-4BAC-A4F3-0398EEFFC0C8}.Release|Any CPU.Build.0 = Release|Any CPU
		{CCD33335-200D-4504-9D91-2465E5197C12}.Debug|Any CPU.ActiveCfg = Debug|Any CPU
		{CCD33335-200D-4504-9D91-2465E5197C12}.Debug|Any CPU.Build.0 = Debug|Any CPU
		{CCD33335-200D-4504-9D91-2465E5197C12}.Release|Any CPU.ActiveCfg = Release|Any CPU
		{CCD33335-200D-4504-9D91-2465E5197C12}.Release|Any CPU.Build.0 = Release|Any CPU
		{0ED95A39-1E98-4652-895A-B6D214794F1D}.Debug|Any CPU.ActiveCfg = Debug|Any CPU
		{0ED95A39-1E98-4652-895A-B6D214794F1D}.Debug|Any CPU.Build.0 = Debug|Any CPU
		{0ED95A39-1E98-4652-895A-B6D214794F1D}.Release|Any CPU.ActiveCfg = Release|Any CPU
		{0ED95A39-1E98-4652-895A-B6D214794F1D}.Release|Any CPU.Build.0 = Release|Any CPU
		{A23022A4-6E9B-4DDE-BABE-B938C2B70B72}.Debug|Any CPU.ActiveCfg = Debug|Any CPU
		{A23022A4-6E9B-4DDE-BABE-B938C2B70B72}.Debug|Any CPU.Build.0 = Debug|Any CPU
		{A23022A4-6E9B-4DDE-BABE-B938C2B70B72}.Release|Any CPU.ActiveCfg = Release|Any CPU
		{A23022A4-6E9B-4DDE-BABE-B938C2B70B72}.Release|Any CPU.Build.0 = Release|Any CPU
		{843BEA9C-E514-4228-87E5-6EB69C2EF925}.Debug|Any CPU.ActiveCfg = Debug|Any CPU
		{843BEA9C-E514-4228-87E5-6EB69C2EF925}.Debug|Any CPU.Build.0 = Debug|Any CPU
		{843BEA9C-E514-4228-87E5-6EB69C2EF925}.Release|Any CPU.ActiveCfg = Release|Any CPU
		{843BEA9C-E514-4228-87E5-6EB69C2EF925}.Release|Any CPU.Build.0 = Release|Any CPU
		{1A894EB7-5ED0-494A-8855-681AB5BAA1F2}.Debug|Any CPU.ActiveCfg = Debug|Any CPU
		{1A894EB7-5ED0-494A-8855-681AB5BAA1F2}.Debug|Any CPU.Build.0 = Debug|Any CPU
		{1A894EB7-5ED0-494A-8855-681AB5BAA1F2}.Release|Any CPU.ActiveCfg = Release|Any CPU
		{1A894EB7-5ED0-494A-8855-681AB5BAA1F2}.Release|Any CPU.Build.0 = Release|Any CPU
		{C8413B19-770D-4628-B643-8894AD20D68C}.Debug|Any CPU.ActiveCfg = Debug|Any CPU
		{C8413B19-770D-4628-B643-8894AD20D68C}.Debug|Any CPU.Build.0 = Debug|Any CPU
		{C8413B19-770D-4628-B643-8894AD20D68C}.Release|Any CPU.ActiveCfg = Release|Any CPU
		{C8413B19-770D-4628-B643-8894AD20D68C}.Release|Any CPU.Build.0 = Release|Any CPU
		{35655866-085F-400F-8D75-C85A55D4B3FD}.Debug|Any CPU.ActiveCfg = Debug|Any CPU
		{35655866-085F-400F-8D75-C85A55D4B3FD}.Debug|Any CPU.Build.0 = Debug|Any CPU
		{35655866-085F-400F-8D75-C85A55D4B3FD}.Release|Any CPU.ActiveCfg = Release|Any CPU
		{35655866-085F-400F-8D75-C85A55D4B3FD}.Release|Any CPU.Build.0 = Release|Any CPU
	EndGlobalSection
	GlobalSection(SolutionProperties) = preSolution
		HideSolutionNode = FALSE
	EndGlobalSection
	GlobalSection(NestedProjects) = preSolution
		{562A0DE3-B5C9-4660-8757-A920BC877434} = {6796A84E-068A-4CA9-AEB7-CD2B936AF5B6}
		{C6A71E5D-8118-49C5-B6AF-ED27EEE27ECA} = {6796A84E-068A-4CA9-AEB7-CD2B936AF5B6}
		{3771DE5A-356A-4965-8FEC-F78450324DEF} = {6796A84E-068A-4CA9-AEB7-CD2B936AF5B6}
		{59700B1D-757E-431E-82A6-925C83C5623B} = {C6A71E5D-8118-49C5-B6AF-ED27EEE27ECA}
		{E38F1787-46C7-4059-8CEA-599F404E9AD3} = {59700B1D-757E-431E-82A6-925C83C5623B}
		{D1149CB5-AFB6-4208-900B-6EFC9F604C19} = {3771DE5A-356A-4965-8FEC-F78450324DEF}
		{D4CD582D-B806-4BAC-A4F3-0398EEFFC0C8} = {D1149CB5-AFB6-4208-900B-6EFC9F604C19}
		{5CDF6FE1-D0CF-4AD0-81E8-EB1CF4D8AB88} = {562A0DE3-B5C9-4660-8757-A920BC877434}
		{CCD33335-200D-4504-9D91-2465E5197C12} = {5CDF6FE1-D0CF-4AD0-81E8-EB1CF4D8AB88}
		{7259909A-1193-4824-AE7C-49D4FDC44101} = {C6A71E5D-8118-49C5-B6AF-ED27EEE27ECA}
		{D9260387-5C06-49BD-AECD-7CCD242736A0} = {C6A71E5D-8118-49C5-B6AF-ED27EEE27ECA}
		{A7488EAC-6E11-4EFA-82AE-14EDAC55B606} = {C6A71E5D-8118-49C5-B6AF-ED27EEE27ECA}
		{1C29FF58-2523-47CC-86A6-4CA4FBA2C3A5} = {C6A71E5D-8118-49C5-B6AF-ED27EEE27ECA}
		{CB84EF16-83C0-4D9F-A62B-72B493A5C0E1} = {C6A71E5D-8118-49C5-B6AF-ED27EEE27ECA}
		{0ED95A39-1E98-4652-895A-B6D214794F1D} = {7259909A-1193-4824-AE7C-49D4FDC44101}
		{A23022A4-6E9B-4DDE-BABE-B938C2B70B72} = {D9260387-5C06-49BD-AECD-7CCD242736A0}
		{843BEA9C-E514-4228-87E5-6EB69C2EF925} = {A7488EAC-6E11-4EFA-82AE-14EDAC55B606}
		{1A894EB7-5ED0-494A-8855-681AB5BAA1F2} = {CB84EF16-83C0-4D9F-A62B-72B493A5C0E1}
		{C8413B19-770D-4628-B643-8894AD20D68C} = {1C29FF58-2523-47CC-86A6-4CA4FBA2C3A5}
		{F988EF23-F7E9-4656-9E73-AAEDC1F5A86B} = {562A0DE3-B5C9-4660-8757-A920BC877434}
		{35655866-085F-400F-8D75-C85A55D4B3FD} = {F988EF23-F7E9-4656-9E73-AAEDC1F5A86B}
	EndGlobalSection
	GlobalSection(ExtensibilityGlobals) = postSolution
		SolutionGuid = {4D9FA58A-E3A9-4038-8AFE-B0D4901BA1E7}
	EndGlobalSection
EndGlobal
